PODS:
  - DragonFly (1.0.4)

DEPENDENCIES:
  - DragonFly (from `https://github.com/beacarlos/DragonFly`)

EXTERNAL SOURCES:
  DragonFly:
    :git: https://github.com/beacarlos/DragonFly

CHECKOUT OPTIONS:
  DragonFly:
    :commit: e13e012f4ed4f9b8819dfebe1ef2f64191b43154
    :git: https://github.com/beacarlos/DragonFly

SPEC CHECKSUMS:
  DragonFly: 99e6e8c0141967f302a0fe96c2c0f8a3560eb59c

PODFILE CHECKSUM: 28ff62fe9a6bea295400fa5856c0fe88be735917

COCOAPODS: 1.10.1
