PODS:
  - DragonFly (1.0.3)

DEPENDENCIES:
  - DragonFly (from `https://github.com/beacarlos/DragonFly`)

EXTERNAL SOURCES:
  DragonFly:
    :git: https://github.com/beacarlos/DragonFly

CHECKOUT OPTIONS:
  DragonFly:
    :commit: c9e0992c5a4ca1694df81b29bf93ab33bb513c2a
    :git: https://github.com/beacarlos/DragonFly

SPEC CHECKSUMS:
  DragonFly: 203706eb04e4b3ae024c2a4b5e0d6383984aebbc

PODFILE CHECKSUM: 28ff62fe9a6bea295400fa5856c0fe88be735917

COCOAPODS: 1.10.0
