// !$*UTF8*$!
{
	archiveVersion = 1;
	classes = {
	};
	objectVersion = 50;
	objects = {

/* Begin PBXBuildFile section */
		6CEACDAF1FB2807AC5AC9968 /* Pods_DragonFlyExample.framework in Frameworks */ = {isa = PBXBuildFile; fileRef = 372B8DBFCA1D1C0DC29E15A0 /* Pods_DragonFlyExample.framework */; };
		E632C3FB26B0322D00F69B14 /* AppDelegate.swift in Sources */ = {isa = PBXBuildFile; fileRef = E632C3FA26B0322D00F69B14 /* AppDelegate.swift */; };
		E632C3FD26B0322D00F69B14 /* SceneDelegate.swift in Sources */ = {isa = PBXBuildFile; fileRef = E632C3FC26B0322D00F69B14 /* SceneDelegate.swift */; };
		E632C3FF26B0322D00F69B14 /* ViewController.swift in Sources */ = {isa = PBXBuildFile; fileRef = E632C3FE26B0322D00F69B14 /* ViewController.swift */; };
		E632C40226B0322D00F69B14 /* Main.storyboard in Resources */ = {isa = PBXBuildFile; fileRef = E632C40026B0322D00F69B14 /* Main.storyboard */; };
		E632C40426B0323000F69B14 /* Assets.xcassets in Resources */ = {isa = PBXBuildFile; fileRef = E632C40326B0323000F69B14 /* Assets.xcassets */; };
		E632C40726B0323000F69B14 /* LaunchScreen.storyboard in Resources */ = {isa = PBXBuildFile; fileRef = E632C40526B0323000F69B14 /* LaunchScreen.storyboard */; };
/* End PBXBuildFile section */

/* Begin PBXFileReference section */
		1F37FD00B24F979D6C5E5F1F /* Pods-DragonFlyExample.release.xcconfig */ = {isa = PBXFileReference; includeInIndex = 1; lastKnownFileType = text.xcconfig; name = "Pods-DragonFlyExample.release.xcconfig"; path = "Target Support Files/Pods-DragonFlyExample/Pods-DragonFlyExample.release.xcconfig"; sourceTree = "<group>"; };
		372B8DBFCA1D1C0DC29E15A0 /* Pods_DragonFlyExample.framework */ = {isa = PBXFileReference; explicitFileType = wrapper.framework; includeInIndex = 0; path = Pods_DragonFlyExample.framework; sourceTree = BUILT_PRODUCTS_DIR; };
		9414CA449EF1EF7805F1D803 /* Pods-DragonFlyExample.debug.xcconfig */ = {isa = PBXFileReference; includeInIndex = 1; lastKnownFileType = text.xcconfig; name = "Pods-DragonFlyExample.debug.xcconfig"; path = "Target Support Files/Pods-DragonFlyExample/Pods-DragonFlyExample.debug.xcconfig"; sourceTree = "<group>"; };
		E632C3F726B0322D00F69B14 /* DragonFlyExample.app */ = {isa = PBXFileReference; explicitFileType = wrapper.application; includeInIndex = 0; path = DragonFlyExample.app; sourceTree = BUILT_PRODUCTS_DIR; };
		E632C3FA26B0322D00F69B14 /* AppDelegate.swift */ = {isa = PBXFileReference; lastKnownFileType = sourcecode.swift; path = AppDelegate.swift; sourceTree = "<group>"; };
		E632C3FC26B0322D00F69B14 /* SceneDelegate.swift */ = {isa = PBXFileReference; lastKnownFileType = sourcecode.swift; path = SceneDelegate.swift; sourceTree = "<group>"; };
		E632C3FE26B0322D00F69B14 /* ViewController.swift */ = {isa = PBXFileReference; lastKnownFileType = sourcecode.swift; path = ViewController.swift; sourceTree = "<group>"; };
		E632C40126B0322D00F69B14 /* Base */ = {isa = PBXFileReference; lastKnownFileType = file.storyboard; name = Base; path = Base.lproj/Main.storyboard; sourceTree = "<group>"; };
		E632C40326B0323000F69B14 /* Assets.xcassets */ = {isa = PBXFileReference; lastKnownFileType = folder.assetcatalog; path = Assets.xcassets; sourceTree = "<group>"; };
		E632C40626B0323000F69B14 /* Base */ = {isa = PBXFileReference; lastKnownFileType = file.storyboard; name = Base; path = Base.lproj/LaunchScreen.storyboard; sourceTree = "<group>"; };
		E632C40826B0323000F69B14 /* Info.plist */ = {isa = PBXFileReference; lastKnownFileType = text.plist.xml; path = Info.plist; sourceTree = "<group>"; };
/* End PBXFileReference section */

/* Begin PBXFrameworksBuildPhase section */
		E632C3F426B0322D00F69B14 /* Frameworks */ = {
			isa = PBXFrameworksBuildPhase;
			buildActionMask = 2147483647;
			files = (
				6CEACDAF1FB2807AC5AC9968 /* Pods_DragonFlyExample.framework in Frameworks */,
			);
			runOnlyForDeploymentPostprocessing = 0;
		};
/* End PBXFrameworksBuildPhase section */

/* Begin PBXGroup section */
		30CE286AFD7E22480CD92507 /* Pods */ = {
			isa = PBXGroup;
			children = (
				9414CA449EF1EF7805F1D803 /* Pods-DragonFlyExample.debug.xcconfig */,
				1F37FD00B24F979D6C5E5F1F /* Pods-DragonFlyExample.release.xcconfig */,
			);
			name = Pods;
			path = Pods;
			sourceTree = "<group>";
		};
		88B2199BA287B279D10CE749 /* Frameworks */ = {
			isa = PBXGroup;
			children = (
				372B8DBFCA1D1C0DC29E15A0 /* Pods_DragonFlyExample.framework */,
			);
			name = Frameworks;
			sourceTree = "<group>";
		};
		E632C3EE26B0322D00F69B14 = {
			isa = PBXGroup;
			children = (
				E632C3F926B0322D00F69B14 /* DragonFlyExample */,
				E632C3F826B0322D00F69B14 /* Products */,
				30CE286AFD7E22480CD92507 /* Pods */,
				88B2199BA287B279D10CE749 /* Frameworks */,
			);
			sourceTree = "<group>";
		};
		E632C3F826B0322D00F69B14 /* Products */ = {
			isa = PBXGroup;
			children = (
				E632C3F726B0322D00F69B14 /* DragonFlyExample.app */,
			);
			name = Products;
			sourceTree = "<group>";
		};
		E632C3F926B0322D00F69B14 /* DragonFlyExample */ = {
			isa = PBXGroup;
			children = (
				E632C3FA26B0322D00F69B14 /* AppDelegate.swift */,
				E632C3FC26B0322D00F69B14 /* SceneDelegate.swift */,
				E632C3FE26B0322D00F69B14 /* ViewController.swift */,
				E632C40026B0322D00F69B14 /* Main.storyboard */,
				E632C40326B0323000F69B14 /* Assets.xcassets */,
				E632C40526B0323000F69B14 /* LaunchScreen.storyboard */,
				E632C40826B0323000F69B14 /* Info.plist */,
			);
			path = DragonFlyExample;
			sourceTree = "<group>";
		};
/* End PBXGroup section */

/* Begin PBXNativeTarget section */
		E632C3F626B0322D00F69B14 /* DragonFlyExample */ = {
			isa = PBXNativeTarget;
			buildConfigurationList = E632C40B26B0323000F69B14 /* Build configuration list for PBXNativeTarget "DragonFlyExample" */;
			buildPhases = (
				262B96EB3FAF93CAC8F97013 /* [CP] Check Pods Manifest.lock */,
				E632C3F326B0322D00F69B14 /* Sources */,
				E632C3F426B0322D00F69B14 /* Frameworks */,
				E632C3F526B0322D00F69B14 /* Resources */,
				6288D450710C0D33D3F48096 /* [CP] Embed Pods Frameworks */,
			);
			buildRules = (
			);
			dependencies = (
			);
			name = DragonFlyExample;
			productName = DragonFlyExample;
			productReference = E632C3F726B0322D00F69B14 /* DragonFlyExample.app */;
			productType = "com.apple.product-type.application";
		};
/* End PBXNativeTarget section */

/* Begin PBXProject section */
		E632C3EF26B0322D00F69B14 /* Project object */ = {
			isa = PBXProject;
			attributes = {
				LastSwiftUpdateCheck = 1250;
				LastUpgradeCheck = 1250;
				TargetAttributes = {
					E632C3F626B0322D00F69B14 = {
						CreatedOnToolsVersion = 12.5.1;
					};
				};
			};
			buildConfigurationList = E632C3F226B0322D00F69B14 /* Build configuration list for PBXProject "DragonFlyExample" */;
			compatibilityVersion = "Xcode 9.3";
			developmentRegion = en;
			hasScannedForEncodings = 0;
			knownRegions = (
				en,
				Base,
			);
			mainGroup = E632C3EE26B0322D00F69B14;
			productRefGroup = E632C3F826B0322D00F69B14 /* Products */;
			projectDirPath = "";
			projectRoot = "";
			targets = (
				E632C3F626B0322D00F69B14 /* DragonFlyExample */,
			);
		};
/* End PBXProject section */

/* Begin PBXResourcesBuildPhase section */
		E632C3F526B0322D00F69B14 /* Resources */ = {
			isa = PBXResourcesBuildPhase;
			buildActionMask = 2147483647;
			files = (
				E632C40726B0323000F69B14 /* LaunchScreen.storyboard in Resources */,
				E632C40426B0323000F69B14 /* Assets.xcassets in Resources */,
				E632C40226B0322D00F69B14 /* Main.storyboard in Resources */,
			);
			runOnlyForDeploymentPostprocessing = 0;
		};
/* End PBXResourcesBuildPhase section */

/* Begin PBXShellScriptBuildPhase section */
		262B96EB3FAF93CAC8F97013 /* [CP] Check Pods Manifest.lock */ = {
			isa = PBXShellScriptBuildPhase;
			buildActionMask = 2147483647;
			files = (
			);
			inputFileListPaths = (
			);
			inputPaths = (
				"${PODS_PODFILE_DIR_PATH}/Podfile.lock",
				"${PODS_ROOT}/Manifest.lock",
			);
			name = "[CP] Check Pods Manifest.lock";
			outputFileListPaths = (
			);
			outputPaths = (
				"$(DERIVED_FILE_DIR)/Pods-DragonFlyExample-checkManifestLockResult.txt",
			);
			runOnlyForDeploymentPostprocessing = 0;
			shellPath = /bin/sh;
			shellScript = "diff \"${PODS_PODFILE_DIR_PATH}/Podfile.lock\" \"${PODS_ROOT}/Manifest.lock\" > /dev/null\nif [ $? != 0 ] ; then\n    # print error to STDERR\n    echo \"error: The sandbox is not in sync with the Podfile.lock. Run 'pod install' or update your CocoaPods installation.\" >&2\n    exit 1\nfi\n# This output is used by Xcode 'outputs' to avoid re-running this script phase.\necho \"SUCCESS\" > \"${SCRIPT_OUTPUT_FILE_0}\"\n";
			showEnvVarsInLog = 0;
		};
		6288D450710C0D33D3F48096 /* [CP] Embed Pods Frameworks */ = {
			isa = PBXShellScriptBuildPhase;
			buildActionMask = 2147483647;
			files = (
			);
			inputFileListPaths = (
				"${PODS_ROOT}/Target Support Files/Pods-DragonFlyExample/Pods-DragonFlyExample-frameworks-${CONFIGURATION}-input-files.xcfilelist",
			);
			name = "[CP] Embed Pods Frameworks";
			outputFileListPaths = (
				"${PODS_ROOT}/Target Support Files/Pods-DragonFlyExample/Pods-DragonFlyExample-frameworks-${CONFIGURATION}-output-files.xcfilelist",
			);
			runOnlyForDeploymentPostprocessing = 0;
			shellPath = /bin/sh;
			shellScript = "\"${PODS_ROOT}/Target Support Files/Pods-DragonFlyExample/Pods-DragonFlyExample-frameworks.sh\"\n";
			showEnvVarsInLog = 0;
		};
/* End PBXShellScriptBuildPhase section */

/* Begin PBXSourcesBuildPhase section */
		E632C3F326B0322D00F69B14 /* Sources */ = {
			isa = PBXSourcesBuildPhase;
			buildActionMask = 2147483647;
			files = (
				E632C3FF26B0322D00F69B14 /* ViewController.swift in Sources */,
				E632C3FB26B0322D00F69B14 /* AppDelegate.swift in Sources */,
				E632C3FD26B0322D00F69B14 /* SceneDelegate.swift in Sources */,
			);
			runOnlyForDeploymentPostprocessing = 0;
		};
/* End PBXSourcesBuildPhase section */

/* Begin PBXVariantGroup section */
		E632C40026B0322D00F69B14 /* Main.storyboard */ = {
			isa = PBXVariantGroup;
			children = (
				E632C40126B0322D00F69B14 /* Base */,
			);
			name = Main.storyboard;
			sourceTree = "<group>";
		};
		E632C40526B0323000F69B14 /* LaunchScreen.storyboard */ = {
			isa = PBXVariantGroup;
			children = (
				E632C40626B0323000F69B14 /* Base */,
			);
			name = LaunchScreen.storyboard;
			sourceTree = "<group>";
		};
/* End PBXVariantGroup section */

/* Begin XCBuildConfiguration section */
		E632C40926B0323000F69B14 /* Debug */ = {
			isa = XCBuildConfiguration;
			buildSettings = {
				ALWAYS_SEARCH_USER_PATHS = NO;
				CLANG_ANALYZER_NONNULL = YES;
				CLANG_ANALYZER_NUMBER_OBJECT_CONVERSION = YES_AGGRESSIVE;
				CLANG_CXX_LANGUAGE_STANDARD = "gnu++14";
				CLANG_CXX_LIBRARY = "libc++";
				CLANG_ENABLE_MODULES = YES;
				CLANG_ENABLE_OBJC_ARC = YES;
				CLANG_ENABLE_OBJC_WEAK = YES;
				CLANG_WARN_BLOCK_CAPTURE_AUTORELEASING = YES;
				CLANG_WARN_BOOL_CONVERSION = YES;
				CLANG_WARN_COMMA = YES;
				CLANG_WARN_CONSTANT_CONVERSION = YES;
				CLANG_WARN_DEPRECATED_OBJC_IMPLEMENTATIONS = YES;
				CLANG_WARN_DIRECT_OBJC_ISA_USAGE = YES_ERROR;
				CLANG_WARN_DOCUMENTATION_COMMENTS = YES;
				CLANG_WARN_EMPTY_BODY = YES;
				CLANG_WARN_ENUM_CONVERSION = YES;
				CLANG_WARN_INFINITE_RECURSION = YES;
				CLANG_WARN_INT_CONVERSION = YES;
				CLANG_WARN_NON_LITERAL_NULL_CONVERSION = YES;
				CLANG_WARN_OBJC_IMPLICIT_RETAIN_SELF = YES;
				CLANG_WARN_OBJC_LITERAL_CONVERSION = YES;
				CLANG_WARN_OBJC_ROOT_CLASS = YES_ERROR;
				CLANG_WARN_QUOTED_INCLUDE_IN_FRAMEWORK_HEADER = YES;
				CLANG_WARN_RANGE_LOOP_ANALYSIS = YES;
				CLANG_WARN_STRICT_PROTOTYPES = YES;
				CLANG_WARN_SUSPICIOUS_MOVE = YES;
				CLANG_WARN_UNGUARDED_AVAILABILITY = YES_AGGRESSIVE;
				CLANG_WARN_UNREACHABLE_CODE = YES;
				CLANG_WARN__DUPLICATE_METHOD_MATCH = YES;
				COPY_PHASE_STRIP = NO;
				DEBUG_INFORMATION_FORMAT = dwarf;
				ENABLE_STRICT_OBJC_MSGSEND = YES;
				ENABLE_TESTABILITY = YES;
				GCC_C_LANGUAGE_STANDARD = gnu11;
				GCC_DYNAMIC_NO_PIC = NO;
				GCC_NO_COMMON_BLOCKS = YES;
				GCC_OPTIMIZATION_LEVEL = 0;
				GCC_PREPROCESSOR_DEFINITIONS = (
					"DEBUG=1",
					"$(inherited)",
				);
				GCC_WARN_64_TO_32_BIT_CONVERSION = YES;
				GCC_WARN_ABOUT_RETURN_TYPE = YES_ERROR;
				GCC_WARN_UNDECLARED_SELECTOR = YES;
				GCC_WARN_UNINITIALIZED_AUTOS = YES_AGGRESSIVE;
				GCC_WARN_UNUSED_FUNCTION = YES;
				GCC_WARN_UNUSED_VARIABLE = YES;
				IPHONEOS_DEPLOYMENT_TARGET = 14.5;
				MTL_ENABLE_DEBUG_INFO = INCLUDE_SOURCE;
				MTL_FAST_MATH = YES;
				ONLY_ACTIVE_ARCH = YES;
				SDKROOT = iphoneos;
				SWIFT_ACTIVE_COMPILATION_CONDITIONS = DEBUG;
				SWIFT_OPTIMIZATION_LEVEL = "-Onone";
			};
			name = Debug;
		};
		E632C40A26B0323000F69B14 /* Release */ = {
			isa = XCBuildConfiguration;
			buildSettings = {
				ALWAYS_SEARCH_USER_PATHS = NO;
				CLANG_ANALYZER_NONNULL = YES;
				CLANG_ANALYZER_NUMBER_OBJECT_CONVERSION = YES_AGGRESSIVE;
				CLANG_CXX_LANGUAGE_STANDARD = "gnu++14";
				CLANG_CXX_LIBRARY = "libc++";
				CLANG_ENABLE_MODULES = YES;
				CLANG_ENABLE_OBJC_ARC = YES;
				CLANG_ENABLE_OBJC_WEAK = YES;
				CLANG_WARN_BLOCK_CAPTURE_AUTORELEASING = YES;
				CLANG_WARN_BOOL_CONVERSION = YES;
				CLANG_WARN_COMMA = YES;
				CLANG_WARN_CONSTANT_CONVERSION = YES;
				CLANG_WARN_DEPRECATED_OBJC_IMPLEMENTATIONS = YES;
				CLANG_WARN_DIRECT_OBJC_ISA_USAGE = YES_ERROR;
				CLANG_WARN_DOCUMENTATION_COMMENTS = YES;
				CLANG_WARN_EMPTY_BODY = YES;
				CLANG_WARN_ENUM_CONVERSION = YES;
				CLANG_WARN_INFINITE_RECURSION = YES;
				CLANG_WARN_INT_CONVERSION = YES;
				CLANG_WARN_NON_LITERAL_NULL_CONVERSION = YES;
				CLANG_WARN_OBJC_IMPLICIT_RETAIN_SELF = YES;
				CLANG_WARN_OBJC_LITERAL_CONVERSION = YES;
				CLANG_WARN_OBJC_ROOT_CLASS = YES_ERROR;
				CLANG_WARN_QUOTED_INCLUDE_IN_FRAMEWORK_HEADER = YES;
				CLANG_WARN_RANGE_LOOP_ANALYSIS = YES;
				CLANG_WARN_STRICT_PROTOTYPES = YES;
				CLANG_WARN_SUSPICIOUS_MOVE = YES;
				CLANG_WARN_UNGUARDED_AVAILABILITY = YES_AGGRESSIVE;
				CLANG_WARN_UNREACHABLE_CODE = YES;
				CLANG_WARN__DUPLICATE_METHOD_MATCH = YES;
				COPY_PHASE_STRIP = NO;
				DEBUG_INFORMATION_FORMAT = "dwarf-with-dsym";
				ENABLE_NS_ASSERTIONS = NO;
				ENABLE_STRICT_OBJC_MSGSEND = YES;
				GCC_C_LANGUAGE_STANDARD = gnu11;
				GCC_NO_COMMON_BLOCKS = YES;
				GCC_WARN_64_TO_32_BIT_CONVERSION = YES;
				GCC_WARN_ABOUT_RETURN_TYPE = YES_ERROR;
				GCC_WARN_UNDECLARED_SELECTOR = YES;
				GCC_WARN_UNINITIALIZED_AUTOS = YES_AGGRESSIVE;
				GCC_WARN_UNUSED_FUNCTION = YES;
				GCC_WARN_UNUSED_VARIABLE = YES;
				IPHONEOS_DEPLOYMENT_TARGET = 14.5;
				MTL_ENABLE_DEBUG_INFO = NO;
				MTL_FAST_MATH = YES;
				SDKROOT = iphoneos;
				SWIFT_COMPILATION_MODE = wholemodule;
				SWIFT_OPTIMIZATION_LEVEL = "-O";
				VALIDATE_PRODUCT = YES;
			};
			name = Release;
		};
		E632C40C26B0323000F69B14 /* Debug */ = {
			isa = XCBuildConfiguration;
			baseConfigurationReference = 9414CA449EF1EF7805F1D803 /* Pods-DragonFlyExample.debug.xcconfig */;
			buildSettings = {
				ASSETCATALOG_COMPILER_APPICON_NAME = AppIcon;
				ASSETCATALOG_COMPILER_GLOBAL_ACCENT_COLOR_NAME = AccentColor;
				CODE_SIGN_STYLE = Automatic;
				DEVELOPMENT_TEAM = QQK85Y8S7P;
				INFOPLIST_FILE = DragonFlyExample/Info.plist;
				LD_RUNPATH_SEARCH_PATHS = (
					"$(inherited)",
					"@executable_path/Frameworks",
				);
				PRODUCT_BUNDLE_IDENTIFIER = com.brenaamorim.DragonFlyExample;
				PRODUCT_NAME = "$(TARGET_NAME)";
				SWIFT_VERSION = 5.0;
				TARGETED_DEVICE_FAMILY = "1,2";
			};
			name = Debug;
		};
		E632C40D26B0323000F69B14 /* Release */ = {
			isa = XCBuildConfiguration;
			baseConfigurationReference = 1F37FD00B24F979D6C5E5F1F /* Pods-DragonFlyExample.release.xcconfig */;
			buildSettings = {
				ASSETCATALOG_COMPILER_APPICON_NAME = AppIcon;
				ASSETCATALOG_COMPILER_GLOBAL_ACCENT_COLOR_NAME = AccentColor;
				CODE_SIGN_STYLE = Automatic;
				DEVELOPMENT_TEAM = QQK85Y8S7P;
				INFOPLIST_FILE = DragonFlyExample/Info.plist;
				LD_RUNPATH_SEARCH_PATHS = (
					"$(inherited)",
					"@executable_path/Frameworks",
				);
				PRODUCT_BUNDLE_IDENTIFIER = com.brenaamorim.DragonFlyExample;
				PRODUCT_NAME = "$(TARGET_NAME)";
				SWIFT_VERSION = 5.0;
				TARGETED_DEVICE_FAMILY = "1,2";
			};
			name = Release;
		};
/* End XCBuildConfiguration section */

/* Begin XCConfigurationList section */
		E632C3F226B0322D00F69B14 /* Build configuration list for PBXProject "DragonFlyExample" */ = {
			isa = XCConfigurationList;
			buildConfigurations = (
				E632C40926B0323000F69B14 /* Debug */,
				E632C40A26B0323000F69B14 /* Release */,
			);
			defaultConfigurationIsVisible = 0;
			defaultConfigurationName = Release;
		};
		E632C40B26B0323000F69B14 /* Build configuration list for PBXNativeTarget "DragonFlyExample" */ = {
			isa = XCConfigurationList;
			buildConfigurations = (
				E632C40C26B0323000F69B14 /* Debug */,
				E632C40D26B0323000F69B14 /* Release */,
			);
			defaultConfigurationIsVisible = 0;
			defaultConfigurationName = Release;
		};
/* End XCConfigurationList section */
	};
	rootObject = E632C3EF26B0322D00F69B14 /* Project object */;
}
